
Microsoft Visual Studio Solution File, Format Version 12.00
# Visual Studio Version 17
VisualStudioVersion = 17.0.31903.59
MinimumVisualStudioVersion = 10.0.40219.1
Project("{2150E333-8FDC-42A3-9474-1A3956D46DE8}") = "source", "source", "{B8EFCA5F-814F-285C-A8CB-F00F14650265}"
EndProject
Project("{FAE04EC0-301F-11D3-BF4B-00C04F79EFBC}") = "LoopEngineering.Domain", "source\LoopEngineering.Domain\LoopEngineering.Domain.csproj", "{B0B77F4F-3146-4275-920D-BAB2C13D6F3F}"
EndProject
Project("{FAE04EC0-301F-11D3-BF4B-00C04F79EFBC}") = "LoopEngineering.Application", "source\LoopEngineering.Application\LoopEngineering.Application.csproj", "{F84FA28B-B0E3-44F5-8C42-18104E6AAD8F}"
EndProject
Project("{FAE04EC0-301F-11D3-BF4B-00C04F79EFBC}") = "LoopEngineering.Infrastructure", "source\LoopEngineering.Infrastructure\LoopEngineering.Infrastructure.csproj", "{E4B4F9FF-3242-4A4D-8E78-DECD5063F4B2}"
EndProject
Project("{FAE04EC0-301F-11D3-BF4B-00C04F79EFBC}") = "LoopEngineering.Api", "source\LoopEngineering.Api\LoopEngineering.Api.csproj", "{7632F486-DC93-4ED7-8612-866F04223BA3}"
EndProject
Project("{2150E333-8FDC-42A3-9474-1A3956D46DE8}") = "tests", "tests", "{0AB3BF05-4346-4AA6-1389-037BE0695223}"
EndProject
Project("{FAE04EC0-301F-11D3-BF4B-00C04F79EFBC}") = "LoopEngineering.Application.Tests", "tests\LoopEngineering.Application.Tests\LoopEngineering.Application.Tests.csproj", "{BFA1E682-3672-44BA-8247-6323C0F0755B}"
EndProject
Project("{FAE04EC0-301F-11D3-BF4B-00C04F79EFBC}") = "LoopEngineering.Api.Tests", "tests\LoopEngineering.Api.Tests\LoopEngineering.Api.Tests.csproj", "{C107A902-B0C5-495A-9D3C-52E51452F98B}"
EndProject
Project("{FAE04EC0-301F-11D3-BF4B-00C04F79EFBC}") = "Loop.Engine", "source\Loop.Engine\Loop.Engine.csproj", "{6610A4B4-17C9-4F5B-B006-F752E5095EEC}"
EndProject
Project("{FAE04EC0-301F-11D3-BF4B-00C04F79EFBC}") = "Loop.Engine.Worker", "source\Loop.Engine.Worker\Loop.Engine.Worker.csproj", "{441904AB-5294-4EF2-B58A-DCA5020F2276}"
EndProject
Project("{FAE04EC0-301F-11D3-BF4B-00C04F79EFBC}") = "Loop.Engine.Core", "source\Loop.Engine.Core\Loop.Engine.Core.csproj", "{34FAACD1-0E6D-4482-9942-61C3144E706C}"
EndProject
Project("{FAE04EC0-301F-11D3-BF4B-00C04F79EFBC}") = "Loop.Engine.GitHub", "source\Loop.Engine.GitHub\Loop.Engine.GitHub.csproj", "{9B9E0AF6-CE91-4691-AF65-F004699E7B29}"
EndProject
Project("{FAE04EC0-301F-11D3-BF4B-00C04F79EFBC}") = "Loop.Engine.Agents", "source\Loop.Engine.Agents\Loop.Engine.Agents.csproj", "{4F23C03F-CFC0-4977-92BC-4641C73F35BB}"
EndProject
Project("{FAE04EC0-301F-11D3-BF4B-00C04F79EFBC}") = "Loop.Engine.Tests", "tests\Loop.Engine.Tests\Loop.Engine.Tests.csproj", "{441B5839-5E9D-4C7E-98E1-90557E009CB9}"
EndProject
Project("{FAE04EC0-301F-11D3-BF4B-00C04F79EFBC}") = "Architecture.Tests", "tests\Architecture.Tests\Architecture.Tests.csproj", "{0ECB8273-39BA-488C-9166-F6C40DB686F0}"
EndProject
Global
	GlobalSection(SolutionConfigurationPlatforms) = preSolution
		Debug|Any CPU = Debug|Any CPU
		Debug|x64 = Debug|x64
		Debug|x86 = Debug|x86
		Release|Any CPU = Release|Any CPU
		Release|x64 = Release|x64
		Release|x86 = Release|x86
	EndGlobalSection
	GlobalSection(ProjectConfigurationPlatforms) = postSolution
		{B0B77F4F-3146-4275-920D-BAB2C13D6F3F}.Debug|Any CPU.ActiveCfg = Debug|Any CPU
		{B0B77F4F-3146-4275-920D-BAB2C13D6F3F}.Debug|Any CPU.Build.0 = Debug|Any CPU
		{B0B77F4F-3146-4275-920D-BAB2C13D6F3F}.Debug|x64.ActiveCfg = Debug|Any CPU
		{B0B77F4F-3146-4275-920D-BAB2C13D6F3F}.Debug|x64.Build.0 = Debug|Any CPU
		{B0B77F4F-3146-4275-920D-BAB2C13D6F3F}.Debug|x86.ActiveCfg = Debug|Any CPU
		{B0B77F4F-3146-4275-920D-BAB2C13D6F3F}.Debug|x86.Build.0 = Debug|Any CPU
		{B0B77F4F-3146-4275-920D-BAB2C13D6F3F}.Release|Any CPU.ActiveCfg = Release|Any CPU
		{B0B77F4F-3146-4275-920D-BAB2C13D6F3F}.Release|Any CPU.Build.0 = Release|Any CPU
		{B0B77F4F-3146-4275-920D-BAB2C13D6F3F}.Release|x64.ActiveCfg = Release|Any CPU
		{B0B77F4F-3146-4275-920D-BAB2C13D6F3F}.Release|x64.Build.0 = Release|Any CPU
		{B0B77F4F-3146-4275-920D-BAB2C13D6F3F}.Release|x86.ActiveCfg = Release|Any CPU
		{B0B77F4F-3146-4275-920D-BAB2C13D6F3F}.Release|x86.Build.0 = Release|Any CPU
		{F84FA28B-B0E3-44F5-8C42-18104E6AAD8F}.Debug|Any CPU.ActiveCfg = Debug|Any CPU
		{F84FA28B-B0E3-44F5-8C42-18104E6AAD8F}.Debug|Any CPU.Build.0 = Debug|Any CPU
		{F84FA28B-B0E3-44F5-8C42-18104E6AAD8F}.Debug|x64.ActiveCfg = Debug|Any CPU
		{F84FA28B-B0E3-44F5-8C42-18104E6AAD8F}.Debug|x64.Build.0 = Debug|Any CPU
		{F84FA28B-B0E3-44F5-8C42-18104E6AAD8F}.Debug|x86.ActiveCfg = Debug|Any CPU
		{F84FA28B-B0E3-44F5-8C42-18104E6AAD8F}.Debug|x86.Build.0 = Debug|Any CPU
		{F84FA28B-B0E3-44F5-8C42-18104E6AAD8F}.Release|Any CPU.ActiveCfg = Release|Any CPU
		{F84FA28B-B0E3-44F5-8C42-18104E6AAD8F}.Release|Any CPU.Build.0 = Release|Any CPU
		{F84FA28B-B0E3-44F5-8C42-18104E6AAD8F}.Release|x64.ActiveCfg = Release|Any CPU
		{F84FA28B-B0E3-44F5-8C42-18104E6AAD8F}.Release|x64.Build.0 = Release|Any CPU
		{F84FA28B-B0E3-44F5-8C42-18104E6AAD8F}.Release|x86.ActiveCfg = Release|Any CPU
		{F84FA28B-B0E3-44F5-8C42-18104E6AAD8F}.Release|x86.Build.0 = Release|Any CPU
		{E4B4F9FF-3242-4A4D-8E78-DECD5063F4B2}.Debug|Any CPU.ActiveCfg = Debug|Any CPU
		{E4B4F9FF-3242-4A4D-8E78-DECD5063F4B2}.Debug|Any CPU.Build.0 = Debug|Any CPU
		{E4B4F9FF-3242-4A4D-8E78-DECD5063F4B2}.Debug|x64.ActiveCfg = Debug|Any CPU
		{E4B4F9FF-3242-4A4D-8E78-DECD5063F4B2}.Debug|x64.Build.0 = Debug|Any CPU
		{E4B4F9FF-3242-4A4D-8E78-DECD5063F4B2}.Debug|x86.ActiveCfg = Debug|Any CPU
		{E4B4F9FF-3242-4A4D-8E78-DECD5063F4B2}.Debug|x86.Build.0 = Debug|Any CPU
		{E4B4F9FF-3242-4A4D-8E78-DECD5063F4B2}.Release|Any CPU.ActiveCfg = Release|Any CPU
		{E4B4F9FF-3242-4A4D-8E78-DECD5063F4B2}.Release|Any CPU.Build.0 = Release|Any CPU
		{E4B4F9FF-3242-4A4D-8E78-DECD5063F4B2}.Release|x64.ActiveCfg = Release|Any CPU
		{E4B4F9FF-3242-4A4D-8E78-DECD5063F4B2}.Release|x64.Build.0 = Release|Any CPU
		{E4B4F9FF-3242-4A4D-8E78-DECD5063F4B2}.Release|x86.ActiveCfg = Release|Any CPU
		{E4B4F9FF-3242-4A4D-8E78-DECD5063F4B2}.Release|x86.Build.0 = Release|Any CPU
		{7632F486-DC93-4ED7-8612-866F04223BA3}.Debug|Any CPU.ActiveCfg = Debug|Any CPU
		{7632F486-DC93-4ED7-8612-866F04223BA3}.Debug|Any CPU.Build.0 = Debug|Any CPU
		{7632F486-DC93-4ED7-8612-866F04223BA3}.Debug|x64.ActiveCfg = Debug|Any CPU
		{7632F486-DC93-4ED7-8612-866F04223BA3}.Debug|x64.Build.0 = Debug|Any CPU
		{7632F486-DC93-4ED7-8612-866F04223BA3}.Debug|x86.ActiveCfg = Debug|Any CPU
		{7632F486-DC93-4ED7-8612-866F04223BA3}.Debug|x86.Build.0 = Debug|Any CPU
		{7632F486-DC93-4ED7-8612-866F04223BA3}.Release|Any CPU.ActiveCfg = Release|Any CPU
		{7632F486-DC93-4ED7-8612-866F04223BA3}.Release|Any CPU.Build.0 = Release|Any CPU
		{7632F486-DC93-4ED7-8612-866F04223BA3}.Release|x64.ActiveCfg = Release|Any CPU
		{7632F486-DC93-4ED7-8612-866F04223BA3}.Release|x64.Build.0 = Release|Any CPU
		{7632F486-DC93-4ED7-8612-866F04223BA3}.Release|x86.ActiveCfg = Release|Any CPU
		{7632F486-DC93-4ED7-8612-866F04223BA3}.Release|x86.Build.0 = Release|Any CPU
		{BFA1E682-3672-44BA-8247-6323C0F0755B}.Debug|Any CPU.ActiveCfg = Debug|Any CPU
		{BFA1E682-3672-44BA-8247-6323C0F0755B}.Debug|Any CPU.Build.0 = Debug|Any CPU
		{BFA1E682-3672-44BA-8247-6323C0F0755B}.Debug|x64.ActiveCfg = Debug|Any CPU
		{BFA1E682-3672-44BA-8247-6323C0F0755B}.Debug|x64.Build.0 = Debug|Any CPU
		{BFA1E682-3672-44BA-8247-6323C0F0755B}.Debug|x86.ActiveCfg = Debug|Any CPU
		{BFA1E682-3672-44BA-8247-6323C0F0755B}.Debug|x86.Build.0 = Debug|Any CPU
		{BFA1E682-3672-44BA-8247-6323C0F0755B}.Release|Any CPU.ActiveCfg = Release|Any CPU
		{BFA1E682-3672-44BA-8247-6323C0F0755B}.Release|Any CPU.Build.0 = Release|Any CPU
		{BFA1E682-3672-44BA-8247-6323C0F0755B}.Release|x64.ActiveCfg = Release|Any CPU
		{BFA1E682-3672-44BA-8247-6323C0F0755B}.Release|x64.Build.0 = Release|Any CPU
		{BFA1E682-3672-44BA-8247-6323C0F0755B}.Release|x86.ActiveCfg = Release|Any CPU
		{BFA1E682-3672-44BA-8247-6323C0F0755B}.Release|x86.Build.0 = Release|Any CPU
		{C107A902-B0C5-495A-9D3C-52E51452F98B}.Debug|Any CPU.ActiveCfg = Debug|Any CPU
		{C107A902-B0C5-495A-9D3C-52E51452F98B}.Debug|Any CPU.Build.0 = Debug|Any CPU
		{C107A902-B0C5-495A-9D3C-52E51452F98B}.Debug|x64.ActiveCfg = Debug|Any CPU
		{C107A902-B0C5-495A-9D3C-52E51452F98B}.Debug|x64.Build.0 = Debug|Any CPU
		{C107A902-B0C5-495A-9D3C-52E51452F98B}.Debug|x86.ActiveCfg = Debug|Any CPU
		{C107A902-B0C5-495A-9D3C-52E51452F98B}.Debug|x86.Build.0 = Debug|Any CPU
		{C107A902-B0C5-495A-9D3C-52E51452F98B}.Release|Any CPU.ActiveCfg = Release|Any CPU
		{C107A902-B0C5-495A-9D3C-52E51452F98B}.Release|Any CPU.Build.0 = Release|Any CPU
		{C107A902-B0C5-495A-9D3C-52E51452F98B}.Release|x64.ActiveCfg = Release|Any CPU
		{C107A902-B0C5-495A-9D3C-52E51452F98B}.Release|x64.Build.0 = Release|Any CPU
		{C107A902-B0C5-495A-9D3C-52E51452F98B}.Release|x86.ActiveCfg = Release|Any CPU
		{C107A902-B0C5-495A-9D3C-52E51452F98B}.Release|x86.Build.0 = Release|Any CPU
		{6610A4B4-17C9-4F5B-B006-F752E5095EEC}.Debug|Any CPU.ActiveCfg = Debug|Any CPU
		{6610A4B4-17C9-4F5B-B006-F752E5095EEC}.Debug|Any CPU.Build.0 = Debug|Any CPU
		{6610A4B4-17C9-4F5B-B006-F752E5095EEC}.Debug|x64.ActiveCfg = Debug|Any CPU
		{6610A4B4-17C9-4F5B-B006-F752E5095EEC}.Debug|x64.Build.0 = Debug|Any CPU
		{6610A4B4-17C9-4F5B-B006-F752E5095EEC}.Debug|x86.ActiveCfg = Debug|Any CPU
		{6610A4B4-17C9-4F5B-B006-F752E5095EEC}.Debug|x86.Build.0 = Debug|Any CPU
		{6610A4B4-17C9-4F5B-B006-F752E5095EEC}.Release|Any CPU.ActiveCfg = Release|Any CPU
		{6610A4B4-17C9-4F5B-B006-F752E5095EEC}.Release|Any CPU.Build.0 = Release|Any CPU
		{6610A4B4-17C9-4F5B-B006-F752E5095EEC}.Release|x64.ActiveCfg = Release|Any CPU
		{6610A4B4-17C9-4F5B-B006-F752E5095EEC}.Release|x64.Build.0 = Release|Any CPU
		{6610A4B4-17C9-4F5B-B006-F752E5095EEC}.Release|x86.ActiveCfg = Release|Any CPU
		{6610A4B4-17C9-4F5B-B006-F752E5095EEC}.Release|x86.Build.0 = Release|Any CPU
		{441904AB-5294-4EF2-B58A-DCA5020F2276}.Debug|Any CPU.ActiveCfg = Debug|Any CPU
		{441904AB-5294-4EF2-B58A-DCA5020F2276}.Debug|Any CPU.Build.0 = Debug|Any CPU
		{441904AB-5294-4EF2-B58A-DCA5020F2276}.Debug|x64.ActiveCfg = Debug|Any CPU
		{441904AB-5294-4EF2-B58A-DCA5020F2276}.Debug|x64.Build.0 = Debug|Any CPU
		{441904AB-5294-4EF2-B58A-DCA5020F2276}.Debug|x86.ActiveCfg = Debug|Any CPU
		{441904AB-5294-4EF2-B58A-DCA5020F2276}.Debug|x86.Build.0 = Debug|Any CPU
		{441904AB-5294-4EF2-B58A-DCA5020F2276}.Release|Any CPU.ActiveCfg = Release|Any CPU
		{441904AB-5294-4EF2-B58A-DCA5020F2276}.Release|Any CPU.Build.0 = Release|Any CPU
		{441904AB-5294-4EF2-B58A-DCA5020F2276}.Release|x64.ActiveCfg = Release|Any CPU
		{441904AB-5294-4EF2-B58A-DCA5020F2276}.Release|x64.Build.0 = Release|Any CPU
		{441904AB-5294-4EF2-B58A-DCA5020F2276}.Release|x86.ActiveCfg = Release|Any CPU
		{441904AB-5294-4EF2-B58A-DCA5020F2276}.Release|x86.Build.0 = Release|Any CPU
		{34FAACD1-0E6D-4482-9942-61C3144E706C}.Debug|Any CPU.ActiveCfg = Debug|Any CPU
		{34FAACD1-0E6D-4482-9942-61C3144E706C}.Debug|Any CPU.Build.0 = Debug|Any CPU
		{34FAACD1-0E6D-4482-9942-61C3144E706C}.Debug|x64.ActiveCfg = Debug|Any CPU
		{34FAACD1-0E6D-4482-9942-61C3144E706C}.Debug|x64.Build.0 = Debug|Any CPU
		{34FAACD1-0E6D-4482-9942-61C3144E706C}.Debug|x86.ActiveCfg = Debug|Any CPU
		{34FAACD1-0E6D-4482-9942-61C3144E706C}.Debug|x86.Build.0 = Debug|Any CPU
		{34FAACD1-0E6D-4482-9942-61C3144E706C}.Release|Any CPU.ActiveCfg = Release|Any CPU
		{34FAACD1-0E6D-4482-9942-61C3144E706C}.Release|Any CPU.Build.0 = Release|Any CPU
		{34FAACD1-0E6D-4482-9942-61C3144E706C}.Release|x64.ActiveCfg = Release|Any CPU
		{34FAACD1-0E6D-4482-9942-61C3144E706C}.Release|x64.Build.0 = Release|Any CPU
		{34FAACD1-0E6D-4482-9942-61C3144E706C}.Release|x86.ActiveCfg = Release|Any CPU
		{34FAACD1-0E6D-4482-9942-61C3144E706C}.Release|x86.Build.0 = Release|Any CPU
		{9B9E0AF6-CE91-4691-AF65-F004699E7B29}.Debug|Any CPU.ActiveCfg = Debug|Any CPU
		{9B9E0AF6-CE91-4691-AF65-F004699E7B29}.Debug|Any CPU.Build.0 = Debug|Any CPU
		{9B9E0AF6-CE91-4691-AF65-F004699E7B29}.Debug|x64.ActiveCfg = Debug|Any CPU
		{9B9E0AF6-CE91-4691-AF65-F004699E7B29}.Debug|x64.Build.0 = Debug|Any CPU
		{9B9E0AF6-CE91-4691-AF65-F004699E7B29}.Debug|x86.ActiveCfg = Debug|Any CPU
		{9B9E0AF6-CE91-4691-AF65-F004699E7B29}.Debug|x86.Build.0 = Debug|Any CPU
		{9B9E0AF6-CE91-4691-AF65-F004699E7B29}.Release|Any CPU.ActiveCfg = Release|Any CPU
		{9B9E0AF6-CE91-4691-AF65-F004699E7B29}.Release|Any CPU.Build.0 = Release|Any CPU
		{9B9E0AF6-CE91-4691-AF65-F004699E7B29}.Release|x64.ActiveCfg = Release|Any CPU
		{9B9E0AF6-CE91-4691-AF65-F004699E7B29}.Release|x64.Build.0 = Release|Any CPU
		{9B9E0AF6-CE91-4691-AF65-F004699E7B29}.Release|x86.ActiveCfg = Release|Any CPU
		{9B9E0AF6-CE91-4691-AF65-F004699E7B29}.Release|x86.Build.0 = Release|Any CPU
		{4F23C03F-CFC0-4977-92BC-4641C73F35BB}.Debug|Any CPU.ActiveCfg = Debug|Any CPU
		{4F23C03F-CFC0-4977-92BC-4641C73F35BB}.Debug|Any CPU.Build.0 = Debug|Any CPU
		{4F23C03F-CFC0-4977-92BC-4641C73F35BB}.Debug|x64.ActiveCfg = Debug|Any CPU
		{4F23C03F-CFC0-4977-92BC-4641C73F35BB}.Debug|x64.Build.0 = Debug|Any CPU
		{4F23C03F-CFC0-4977-92BC-4641C73F35BB}.Debug|x86.ActiveCfg = Debug|Any CPU
		{4F23C03F-CFC0-4977-92BC-4641C73F35BB}.Debug|x86.Build.0 = Debug|Any CPU
		{4F23C03F-CFC0-4977-92BC-4641C73F35BB}.Release|Any CPU.ActiveCfg = Release|Any CPU
		{4F23C03F-CFC0-4977-92BC-4641C73F35BB}.Release|Any CPU.Build.0 = Release|Any CPU
		{4F23C03F-CFC0-4977-92BC-4641C73F35BB}.Release|x64.ActiveCfg = Release|Any CPU
		{4F23C03F-CFC0-4977-92BC-4641C73F35BB}.Release|x64.Build.0 = Release|Any CPU
		{4F23C03F-CFC0-4977-92BC-4641C73F35BB}.Release|x86.ActiveCfg = Release|Any CPU
		{4F23C03F-CFC0-4977-92BC-4641C73F35BB}.Release|x86.Build.0 = Release|Any CPU
		{441B5839-5E9D-4C7E-98E1-90557E009CB9}.Debug|Any CPU.ActiveCfg = Debug|Any CPU
		{441B5839-5E9D-4C7E-98E1-90557E009CB9}.Debug|Any CPU.Build.0 = Debug|Any CPU
		{441B5839-5E9D-4C7E-98E1-90557E009CB9}.Debug|x64.ActiveCfg = Debug|Any CPU
		{441B5839-5E9D-4C7E-98E1-90557E009CB9}.Debug|x64.Build.0 = Debug|Any CPU
		{441B5839-5E9D-4C7E-98E1-90557E009CB9}.Debug|x86.ActiveCfg = Debug|Any CPU
		{441B5839-5E9D-4C7E-98E1-90557E009CB9}.Debug|x86.Build.0 = Debug|Any CPU
		{441B5839-5E9D-4C7E-98E1-90557E009CB9}.Release|Any CPU.ActiveCfg = Release|Any CPU
		{441B5839-5E9D-4C7E-98E1-90557E009CB9}.Release|Any CPU.Build.0 = Release|Any CPU
		{441B5839-5E9D-4C7E-98E1-90557E009CB9}.Release|x64.ActiveCfg = Release|Any CPU
		{441B5839-5E9D-4C7E-98E1-90557E009CB9}.Release|x64.Build.0 = Release|Any CPU
		{441B5839-5E9D-4C7E-98E1-90557E009CB9}.Release|x86.ActiveCfg = Release|Any CPU
		{441B5839-5E9D-4C7E-98E1-90557E009CB9}.Release|x86.Build.0 = Release|Any CPU
		{0ECB8273-39BA-488C-9166-F6C40DB686F0}.Debug|Any CPU.ActiveCfg = Debug|Any CPU
		{0ECB8273-39BA-488C-9166-F6C40DB686F0}.Debug|Any CPU.Build.0 = Debug|Any CPU
		{0ECB8273-39BA-488C-9166-F6C40DB686F0}.Debug|x64.ActiveCfg = Debug|Any CPU
		{0ECB8273-39BA-488C-9166-F6C40DB686F0}.Debug|x64.Build.0 = Debug|Any CPU
		{0ECB8273-39BA-488C-9166-F6C40DB686F0}.Debug|x86.ActiveCfg = Debug|Any CPU
		{0ECB8273-39BA-488C-9166-F6C40DB686F0}.Debug|x86.Build.0 = Debug|Any CPU
		{0ECB8273-39BA-488C-9166-F6C40DB686F0}.Release|Any CPU.ActiveCfg = Release|Any CPU
		{0ECB8273-39BA-488C-9166-F6C40DB686F0}.Release|Any CPU.Build.0 = Release|Any CPU
		{0ECB8273-39BA-488C-9166-F6C40DB686F0}.Release|x64.ActiveCfg = Release|Any CPU
		{0ECB8273-39BA-488C-9166-F6C40DB686F0}.Release|x64.Build.0 = Release|Any CPU
		{0ECB8273-39BA-488C-9166-F6C40DB686F0}.Release|x86.ActiveCfg = Release|Any CPU
		{0ECB8273-39BA-488C-9166-F6C40DB686F0}.Release|x86.Build.0 = Release|Any CPU
	EndGlobalSection
	GlobalSection(SolutionProperties) = preSolution
		HideSolutionNode = FALSE
	EndGlobalSection
	GlobalSection(NestedProjects) = preSolution
		{B0B77F4F-3146-4275-920D-BAB2C13D6F3F} = {B8EFCA5F-814F-285C-A8CB-F00F14650265}
		{F84FA28B-B0E3-44F5-8C42-18104E6AAD8F} = {B8EFCA5F-814F-285C-A8CB-F00F14650265}
		{E4B4F9FF-3242-4A4D-8E78-DECD5063F4B2} = {B8EFCA5F-814F-285C-A8CB-F00F14650265}
		{7632F486-DC93-4ED7-8612-866F04223BA3} = {B8EFCA5F-814F-285C-A8CB-F00F14650265}
		{BFA1E682-3672-44BA-8247-6323C0F0755B} = {0AB3BF05-4346-4AA6-1389-037BE0695223}
		{C107A902-B0C5-495A-9D3C-52E51452F98B} = {0AB3BF05-4346-4AA6-1389-037BE0695223}
		{6610A4B4-17C9-4F5B-B006-F752E5095EEC} = {B8EFCA5F-814F-285C-A8CB-F00F14650265}
		{441904AB-5294-4EF2-B58A-DCA5020F2276} = {B8EFCA5F-814F-285C-A8CB-F00F14650265}
		{34FAACD1-0E6D-4482-9942-61C3144E706C} = {B8EFCA5F-814F-285C-A8CB-F00F14650265}
		{9B9E0AF6-CE91-4691-AF65-F004699E7B29} = {B8EFCA5F-814F-285C-A8CB-F00F14650265}
		{4F23C03F-CFC0-4977-92BC-4641C73F35BB} = {B8EFCA5F-814F-285C-A8CB-F00F14650265}
		{441B5839-5E9D-4C7E-98E1-90557E009CB9} = {0AB3BF05-4346-4AA6-1389-037BE0695223}
		{0ECB8273-39BA-488C-9166-F6C40DB686F0} = {0AB3BF05-4346-4AA6-1389-037BE0695223}
	EndGlobalSection
EndGlobal
